Microsoft Visual Studio Solution File, Format Version 12.00
# Visual Studio 2013
VisualStudioVersion = 12.0.21005.1
MinimumVisualStudioVersion = 10.0.40219.1
Project("{2150E333-8FDC-42A3-9474-1A3956D46DE8}") = "Solution Items", "Solution Items", "{749EF479-6BF8-4F87-960A-63535C59951E}"
	ProjectSection(SolutionItems) = preProject
		SolutionInfo.cs = SolutionInfo.cs
	EndProjectSection
EndProject
Project("{FAE04EC0-301F-11D3-BF4B-00C04F79EFBC}") = "SamlAuthenticationPlugin", "SamlAuthenticationPlugin\SamlAuthenticationPlugin.csproj", "{C6179562-30DF-4C81-AB43-30712575B21C}"
EndProject
Global
	GlobalSection(SolutionConfigurationPlatforms) = preSolution
		Debug_NoCache|Any CPU = Debug_NoCache|Any CPU
		Debug|Any CPU = Debug|Any CPU
		Release|Any CPU = Release|Any CPU
		Telligent.Evolution.Rest.IntegrationTests|Any CPU = Telligent.Evolution.Rest.IntegrationTests|Any CPU
	EndGlobalSection
	GlobalSection(ProjectConfigurationPlatforms) = postSolution
		{C6179562-30DF-4C81-AB43-30712575B21C}.Debug_NoCache|Any CPU.ActiveCfg = Debug|Any CPU
		{C6179562-30DF-4C81-AB43-30712575B21C}.Debug_NoCache|Any CPU.Build.0 = Debug|Any CPU
		{C6179562-30DF-4C81-AB43-30712575B21C}.Debug|Any CPU.ActiveCfg = Debug|Any CPU
		{C6179562-30DF-4C81-AB43-30712575B21C}.Debug|Any CPU.Build.0 = Debug|Any CPU
		{C6179562-30DF-4C81-AB43-30712575B21C}.Release|Any CPU.ActiveCfg = Release|Any CPU
		{C6179562-30DF-4C81-AB43-30712575B21C}.Release|Any CPU.Build.0 = Release|Any CPU
		{C6179562-30DF-4C81-AB43-30712575B21C}.Telligent.Evolution.Rest.IntegrationTests|Any CPU.ActiveCfg = Release|Any CPU
		{C6179562-30DF-4C81-AB43-30712575B21C}.Telligent.Evolution.Rest.IntegrationTests|Any CPU.Build.0 = Release|Any CPU
	EndGlobalSection
	GlobalSection(SolutionProperties) = preSolution
		HideSolutionNode = FALSE
	EndGlobalSection
EndGlobal
